
Microsoft Visual Studio Solution File, Format Version 12.00
# Visual Studio Version 17
VisualStudioVersion = 17.1.32328.378
MinimumVisualStudioVersion = 10.0.40219.1
Project("{9A19103F-16F7-4668-BE54-9A1E7A4F7556}") = "BAL", "BAL\BAL.csproj", "{08242A2B-D100-4288-B1D7-EEB853B06316}"
EndProject
Project("{9A19103F-16F7-4668-BE54-9A1E7A4F7556}") = "Cache", "Cache\Cache.csproj", "{C00EE2CA-7164-4756-ADE7-06FD9F4A951B}"
EndProject
Project("{9A19103F-16F7-4668-BE54-9A1E7A4F7556}") = "ConsumerAPI", "ConsumerAPI\ConsumerAPI.csproj", "{A9182AE9-2DBB-4DBE-B41E-C3B326F8087E}"
EndProject
Global
	GlobalSection(SolutionConfigurationPlatforms) = preSolution
		Debug|Any CPU = Debug|Any CPU
		Release|Any CPU = Release|Any CPU
	EndGlobalSection
	GlobalSection(ProjectConfigurationPlatforms) = postSolution
		{08242A2B-D100-4288-B1D7-EEB853B06316}.Debug|Any CPU.ActiveCfg = Debug|Any CPU
		{08242A2B-D100-4288-B1D7-EEB853B06316}.Debug|Any CPU.Build.0 = Debug|Any CPU
		{08242A2B-D100-4288-B1D7-EEB853B06316}.Release|Any CPU.ActiveCfg = Release|Any CPU
		{08242A2B-D100-4288-B1D7-EEB853B06316}.Release|Any CPU.Build.0 = Release|Any CPU
		{C00EE2CA-7164-4756-ADE7-06FD9F4A951B}.Debug|Any CPU.ActiveCfg = Debug|Any CPU
		{C00EE2CA-7164-4756-ADE7-06FD9F4A951B}.Debug|Any CPU.Build.0 = Debug|Any CPU
		{C00EE2CA-7164-4756-ADE7-06FD9F4A951B}.Release|Any CPU.ActiveCfg = Release|Any CPU
		{C00EE2CA-7164-4756-ADE7-06FD9F4A951B}.Release|Any CPU.Build.0 = Release|Any CPU
		{A9182AE9-2DBB-4DBE-B41E-C3B326F8087E}.Debug|Any CPU.ActiveCfg = Debug|Any CPU
		{A9182AE9-2DBB-4DBE-B41E-C3B326F8087E}.Debug|Any CPU.Build.0 = Debug|Any CPU
		{A9182AE9-2DBB-4DBE-B41E-C3B326F8087E}.Release|Any CPU.ActiveCfg = Release|Any CPU
		{A9182AE9-2DBB-4DBE-B41E-C3B326F8087E}.Release|Any CPU.Build.0 = Release|Any CPU
	EndGlobalSection
	GlobalSection(SolutionProperties) = preSolution
		HideSolutionNode = FALSE
	EndGlobalSection
	GlobalSection(ExtensibilityGlobals) = postSolution
		SolutionGuid = {BB08E8FF-624C-4EC5-9835-382CEA412FE9}
	EndGlobalSection
EndGlobal
